[[package]]
category = "main"
description = "A pure Python chess library with move generation and validation, Polyglot opening book probing, PGN reading and writing, Gaviota tablebase probing, Syzygy tablebase probing and XBoard/UCI engine communication."
name = "chess"
optional = false
python-versions = ">=3.7"
version = "1.3.2"

[[package]]
category = "main"
description = "A chess library with move generation, move validation, and support for common formats."
name = "python-chess"
optional = false
python-versions = "*"
version = "1.999"

[package.dependencies]
chess = ">=1,<2"

[metadata]
content-hash = "0b8fbd50f62244883ebf052e07c051508a9bad15d4f041e2ab4d8c22a245a7b7"
python-versions = "^3.8"

[metadata.files]
chess = [
    {file = "chess-1.3.2-py3-none-any.whl", hash = "sha256:f8773e8a98da646c37d0c80f04c089335c54135ed282cea785b44395c21b5776"},
    {file = "chess-1.3.2.tar.gz", hash = "sha256:323d585a23384cbfbc478e3b852ca1853d329618a5fa7ed285cf6f31267f25c0"},
]
python-chess = [
    {file = "python-chess-1.999.tar.gz", hash = "sha256:8cad0388c42242d890ac6368ad64def15cd0165db033df0ad479492e266e5e6c"},
    {file = "python_chess-1.999-py3-none-any.whl", hash = "sha256:93b562f8f1124cb7bf56fb095e18743758e69dc6a028ccda0badcaa5c59d88c8"},
]
